Microsoft Visual Studio Solution File, Format Version 12.00
# Visual Studio Version 17
VisualStudioVersion = 17.0.32014.148
MinimumVisualStudioVersion = 10.0.40219.1
Project("{9A19103F-16F7-4668-BE54-9A1E7A4F7556}") = "TermProgress.Domain", "TermProgress.Library\TermProgress.Domain.csproj", "{D200BD4E-9861-45E4-B817-E982CA8717B3}"
EndProject
Project("{9A19103F-16F7-4668-BE54-9A1E7A4F7556}") = "TermProgress.WebAPI", "TermProgress.WebAPI\TermProgress.WebAPI.csproj", "{5750501E-0537-49A2-A7D5-A4256AE8E10E}"
EndProject
Project("{9A19103F-16F7-4668-BE54-9A1E7A4F7556}") = "TermProgress.Tests", "TermProgress.Tests\TermProgress.Tests.csproj", "{8CDA5255-A26F-4B66-918C-B0385B6962D2}"
EndProject
Project("{9A19103F-16F7-4668-BE54-9A1E7A4F7556}") = "TermProgress.Functions", "TermProgress.Functions\TermProgress.Functions.csproj", "{89CEFFFC-C3BD-47C5-809C-C19A802E413C}"
EndProject
Project("{9A19103F-16F7-4668-BE54-9A1E7A4F7556}") = "TermProgress.Infrastructure", "TermProgress.Infrastructure\TermProgress.Infrastructure.csproj", "{560508E2-B7CE-4403-91DC-C85C09680069}"
EndProject
Project("{9A19103F-16F7-4668-BE54-9A1E7A4F7556}") = "TermProgress.Application", "TermProgress.Services\TermProgress.Application.csproj", "{80382012-5D9B-4739-A460-A5963F2A2D21}"
EndProject
Global
	GlobalSection(SolutionConfigurationPlatforms) = preSolution
		Debug|Any CPU = Debug|Any CPU
		Release|Any CPU = Release|Any CPU
	EndGlobalSection
	GlobalSection(ProjectConfigurationPlatforms) = postSolution
		{D200BD4E-9861-45E4-B817-E982CA8717B3}.Debug|Any CPU.ActiveCfg = Debug|Any CPU
		{D200BD4E-9861-45E4-B817-E982CA8717B3}.Debug|Any CPU.Build.0 = Debug|Any CPU
		{D200BD4E-9861-45E4-B817-E982CA8717B3}.Release|Any CPU.ActiveCfg = Release|Any CPU
		{D200BD4E-9861-45E4-B817-E982CA8717B3}.Release|Any CPU.Build.0 = Release|Any CPU
		{5750501E-0537-49A2-A7D5-A4256AE8E10E}.Debug|Any CPU.ActiveCfg = Debug|Any CPU
		{5750501E-0537-49A2-A7D5-A4256AE8E10E}.Debug|Any CPU.Build.0 = Debug|Any CPU
		{5750501E-0537-49A2-A7D5-A4256AE8E10E}.Release|Any CPU.ActiveCfg = Release|Any CPU
		{5750501E-0537-49A2-A7D5-A4256AE8E10E}.Release|Any CPU.Build.0 = Release|Any CPU
		{8CDA5255-A26F-4B66-918C-B0385B6962D2}.Debug|Any CPU.ActiveCfg = Debug|Any CPU
		{8CDA5255-A26F-4B66-918C-B0385B6962D2}.Debug|Any CPU.Build.0 = Debug|Any CPU
		{8CDA5255-A26F-4B66-918C-B0385B6962D2}.Release|Any CPU.ActiveCfg = Release|Any CPU
		{8CDA5255-A26F-4B66-918C-B0385B6962D2}.Release|Any CPU.Build.0 = Release|Any CPU
		{89CEFFFC-C3BD-47C5-809C-C19A802E413C}.Debug|Any CPU.ActiveCfg = Debug|Any CPU
		{89CEFFFC-C3BD-47C5-809C-C19A802E413C}.Debug|Any CPU.Build.0 = Debug|Any CPU
		{89CEFFFC-C3BD-47C5-809C-C19A802E413C}.Release|Any CPU.ActiveCfg = Release|Any CPU
		{89CEFFFC-C3BD-47C5-809C-C19A802E413C}.Release|Any CPU.Build.0 = Release|Any CPU
		{560508E2-B7CE-4403-91DC-C85C09680069}.Debug|Any CPU.ActiveCfg = Debug|Any CPU
		{560508E2-B7CE-4403-91DC-C85C09680069}.Debug|Any CPU.Build.0 = Debug|Any CPU
		{560508E2-B7CE-4403-91DC-C85C09680069}.Release|Any CPU.ActiveCfg = Release|Any CPU
		{560508E2-B7CE-4403-91DC-C85C09680069}.Release|Any CPU.Build.0 = Release|Any CPU
		{80382012-5D9B-4739-A460-A5963F2A2D21}.Debug|Any CPU.ActiveCfg = Debug|Any CPU
		{80382012-5D9B-4739-A460-A5963F2A2D21}.Debug|Any CPU.Build.0 = Debug|Any CPU
		{80382012-5D9B-4739-A460-A5963F2A2D21}.Release|Any CPU.ActiveCfg = Release|Any CPU
		{80382012-5D9B-4739-A460-A5963F2A2D21}.Release|Any CPU.Build.0 = Release|Any CPU
	EndGlobalSection
	GlobalSection(SolutionProperties) = preSolution
		HideSolutionNode = FALSE
	EndGlobalSection
	GlobalSection(ExtensibilityGlobals) = postSolution
		SolutionGuid = {28747CE0-D854-4A9B-BB58-E3C143C5C477}
	EndGlobalSection
	GlobalSection(MonoDevelopProperties) = preSolution
		Policies = $0
		$0.DotNetNamingPolicy = $1
		$1.DirectoryNamespaceAssociation = PrefixedHierarchical
		description = Term Progress is a Twitter bot written in C#/.NET Core and inspired by @year_progress that periodically creates tweets with information about public officials' terms advance status. It was created originally for @mandatopresiAR, to track the argentine presidential term, but it can be extended to any public official tenure.
		version = 1.3.0
	EndGlobalSection
EndGlobal
