
Microsoft Visual Studio Solution File, Format Version 12.00
# Visual Studio 15
Project("{FAE04EC0-301F-11D3-BF4B-00C04F79EFBC}") = "TermProgress.Library", "TermProgress.Library\TermProgress.Library.csproj", "{18902B2A-F101-40EE-A376-3C53076BB0BB}"
EndProject
Project("{FAE04EC0-301F-11D3-BF4B-00C04F79EFBC}") = "TermProgress.WebAPI", "TermProgress.WebAPI\TermProgress.WebAPI.csproj", "{639ED688-D5CC-46B4-9C02-7DFC58CA576D}"
EndProject
Project("{FAE04EC0-301F-11D3-BF4B-00C04F79EFBC}") = "TermProgress.Functions", "TermProgress.Worker\TermProgress.Functions.csproj", "{A1778173-4BFA-4CE7-B15C-129D3349C426}"
EndProject
Project("{FAE04EC0-301F-11D3-BF4B-00C04F79EFBC}") = "TermProgress.Tests", "TermProgress.Tests\TermProgress.Tests.csproj", "{B69B22D6-549E-4A5D-92CD-FCF3BD5199D5}"
EndProject
Global
	GlobalSection(SolutionConfigurationPlatforms) = preSolution
		Debug|Any CPU = Debug|Any CPU
		Release|Any CPU = Release|Any CPU
	EndGlobalSection
	GlobalSection(ProjectConfigurationPlatforms) = postSolution
		{18902B2A-F101-40EE-A376-3C53076BB0BB}.Debug|Any CPU.ActiveCfg = Debug|Any CPU
		{18902B2A-F101-40EE-A376-3C53076BB0BB}.Debug|Any CPU.Build.0 = Debug|Any CPU
		{18902B2A-F101-40EE-A376-3C53076BB0BB}.Release|Any CPU.ActiveCfg = Release|Any CPU
		{18902B2A-F101-40EE-A376-3C53076BB0BB}.Release|Any CPU.Build.0 = Release|Any CPU
		{639ED688-D5CC-46B4-9C02-7DFC58CA576D}.Debug|Any CPU.ActiveCfg = Debug|Any CPU
		{639ED688-D5CC-46B4-9C02-7DFC58CA576D}.Debug|Any CPU.Build.0 = Debug|Any CPU
		{639ED688-D5CC-46B4-9C02-7DFC58CA576D}.Release|Any CPU.ActiveCfg = Release|Any CPU
		{639ED688-D5CC-46B4-9C02-7DFC58CA576D}.Release|Any CPU.Build.0 = Release|Any CPU
		{A1778173-4BFA-4CE7-B15C-129D3349C426}.Debug|Any CPU.ActiveCfg = Debug|Any CPU
		{A1778173-4BFA-4CE7-B15C-129D3349C426}.Debug|Any CPU.Build.0 = Debug|Any CPU
		{A1778173-4BFA-4CE7-B15C-129D3349C426}.Release|Any CPU.ActiveCfg = Release|Any CPU
		{A1778173-4BFA-4CE7-B15C-129D3349C426}.Release|Any CPU.Build.0 = Release|Any CPU
		{B69B22D6-549E-4A5D-92CD-FCF3BD5199D5}.Debug|Any CPU.ActiveCfg = Debug|Any CPU
		{B69B22D6-549E-4A5D-92CD-FCF3BD5199D5}.Debug|Any CPU.Build.0 = Debug|Any CPU
		{B69B22D6-549E-4A5D-92CD-FCF3BD5199D5}.Release|Any CPU.ActiveCfg = Release|Any CPU
		{B69B22D6-549E-4A5D-92CD-FCF3BD5199D5}.Release|Any CPU.Build.0 = Release|Any CPU
	EndGlobalSection
EndGlobal
